<Solution>
  <Project Path="D:/code-base/lld-mentor/LLDMaster.OOP/LLDMaster.OOP.csproj" />
  <Project Path="D:/code-base/lld-mentor/LLDMaster.Patterns/LLDMaster.Patterns.csproj" />
  <Project Path="D:/code-base/lld-mentor/LLDMaster.Problems/LLDMaster.Problems.csproj" />
  <Project Path="D:/code-base/lld-mentor/LLDMaster.SOLID/LLDMaster.SOLID.csproj" />
  <Project Path="D:/code-base/lld-mentor/LLDMaster/LLDMaster.csproj" />
</Solution>
